{
  "originHash" : "af4dbfbe87e02d45b34fe4f5caf0186136706ba8e14d955918723e7e6342b8f9",
  "pins" : [
    {
      "identity" : "sparkle",
      "kind" : "remoteSourceControl",
      "location" : "https://github.com/sparkle-project/Sparkle.git",
      "state" : {
        "revision" : "6276ba2b404829d139c45ff98427cf90e2efc59b",
        "version" : "2.9.2"
      }
    }
  ],
  "version" : 3
}
